// !$*UTF8*$!
{
	archiveVersion = 1;
	classes = {
	};
	objectVersion = 54;
	objects = {

/* Begin PBXBuildFile section */
		3FDB2D9218FC82750051C511 /* BigColorTableViewCell.m in Sources */ = {isa = PBXBuildFile; fileRef = 3FDB2D9118FC82750051C511 /* BigColorTableViewCell.m */; };
		3FE30F3E18EF51F500921FE1 /* Foundation.framework in Frameworks */ = {isa = PBXBuildFile; fileRef = 3FE30F3D18EF51F500921FE1 /* Foundation.framework */; };
		3FE30F4018EF51F500921FE1 /* CoreGraphics.framework in Frameworks */ = {isa = PBXBuildFile; fileRef = 3FE30F3F18EF51F500921FE1 /* CoreGraphics.framework */; };
		3FE30F4218EF51F500921FE1 /* UIKit.framework in Frameworks */ = {isa = PBXBuildFile; fileRef = 3FE30F4118EF51F500921FE1 /* UIKit.framework */; };
		3FE30F4818EF51F500921FE1 /* InfoPlist.strings in Resources */ = {isa = PBXBuildFile; fileRef = 3FE30F4618EF51F500921FE1 /* InfoPlist.strings */; };
		3FE30F4A18EF51F500921FE1 /* main.m in Sources */ = {isa = PBXBuildFile; fileRef = 3FE30F4918EF51F500921FE1 /* main.m */; };
		3FE30F4E18EF51F500921FE1 /* AppDelegate.m in Sources */ = {isa = PBXBuildFile; fileRef = 3FE30F4D18EF51F500921FE1 /* AppDelegate.m */; };
		3FE30F5018EF51F500921FE1 /* Images.xcassets in Resources */ = {isa = PBXBuildFile; fileRef = 3FE30F4F18EF51F500921FE1 /* Images.xcassets */; };
		3FE30F5718EF51F500921FE1 /* XCTest.framework in Frameworks */ = {isa = PBXBuildFile; fileRef = 3FE30F5618EF51F500921FE1 /* XCTest.framework */; };
		3FE30F5818EF51F500921FE1 /* Foundation.framework in Frameworks */ = {isa = PBXBuildFile; fileRef = 3FE30F3D18EF51F500921FE1 /* Foundation.framework */; };
		3FE30F5918EF51F500921FE1 /* UIKit.framework in Frameworks */ = {isa = PBXBuildFile; fileRef = 3FE30F4118EF51F500921FE1 /* UIKit.framework */; };
		3FE30F6118EF51F500921FE1 /* InfoPlist.strings in Resources */ = {isa = PBXBuildFile; fileRef = 3FE30F5F18EF51F500921FE1 /* InfoPlist.strings */; };
		3FE30F6318EF51F500921FE1 /* FlatColorsTests.m in Sources */ = {isa = PBXBuildFile; fileRef = 3FE30F6218EF51F500921FE1 /* FlatColorsTests.m */; };
		3FE30F7118EF55FD00921FE1 /* ColorsTableViewController.m in Sources */ = {isa = PBXBuildFile; fileRef = 3FE30F7018EF55FD00921FE1 /* ColorsTableViewController.m */; };
		D597D78258FA972D40437E85 /* libPods-FlatColors.a in Frameworks */ = {isa = PBXBuildFile; fileRef = F791C1DAFDE5C0CB25DCCDFF /* libPods-FlatColors.a */; };
/* End PBXBuildFile section */

/* Begin PBXContainerItemProxy section */
		3FE30F5A18EF51F500921FE1 /* PBXContainerItemProxy */ = {
			isa = PBXContainerItemProxy;
			containerPortal = 3FE30F3218EF51F500921FE1 /* Project object */;
			proxyType = 1;
			remoteGlobalIDString = 3FE30F3918EF51F500921FE1;
			remoteInfo = FlatColors;
		};
/* End PBXContainerItemProxy section */

/* Begin PBXFileReference section */
		3FDB2D9018FC82750051C511 /* BigColorTableViewCell.h */ = {isa = PBXFileReference; fileEncoding = 4; lastKnownFileType = sourcecode.c.h; path = BigColorTableViewCell.h; sourceTree = "<group>"; };
		3FDB2D9118FC82750051C511 /* BigColorTableViewCell.m */ = {isa = PBXFileReference; fileEncoding = 4; lastKnownFileType = sourcecode.c.objc; path = BigColorTableViewCell.m; sourceTree = "<group>"; };
		3FE30F3A18EF51F500921FE1 /* FlatColors.app */ = {isa = PBXFileReference; explicitFileType = wrapper.application; includeInIndex = 0; path = FlatColors.app; sourceTree = BUILT_PRODUCTS_DIR; };
		3FE30F3D18EF51F500921FE1 /* Foundation.framework */ = {isa = PBXFileReference; lastKnownFileType = wrapper.framework; name = Foundation.framework; path = System/Library/Frameworks/Foundation.framework; sourceTree = SDKROOT; };
		3FE30F3F18EF51F500921FE1 /* CoreGraphics.framework */ = {isa = PBXFileReference; lastKnownFileType = wrapper.framework; name = CoreGraphics.framework; path = System/Library/Frameworks/CoreGraphics.framework; sourceTree = SDKROOT; };
		3FE30F4118EF51F500921FE1 /* UIKit.framework */ = {isa = PBXFileReference; lastKnownFileType = wrapper.framework; name = UIKit.framework; path = System/Library/Frameworks/UIKit.framework; sourceTree = SDKROOT; };
		3FE30F4518EF51F500921FE1 /* FlatColors-Info.plist */ = {isa = PBXFileReference; lastKnownFileType = text.plist.xml; path = "FlatColors-Info.plist"; sourceTree = "<group>"; };
		3FE30F4718EF51F500921FE1 /* en */ = {isa = PBXFileReference; lastKnownFileType = text.plist.strings; name = en; path = en.lproj/InfoPlist.strings; sourceTree = "<group>"; };
		3FE30F4918EF51F500921FE1 /* main.m */ = {isa = PBXFileReference; lastKnownFileType = sourcecode.c.objc; path = main.m; sourceTree = "<group>"; };
		3FE30F4B18EF51F500921FE1 /* FlatColors-Prefix.pch */ = {isa = PBXFileReference; lastKnownFileType = sourcecode.c.h; path = "FlatColors-Prefix.pch"; sourceTree = "<group>"; };
		3FE30F4C18EF51F500921FE1 /* AppDelegate.h */ = {isa = PBXFileReference; lastKnownFileType = sourcecode.c.h; path = AppDelegate.h; sourceTree = "<group>"; };
		3FE30F4D18EF51F500921FE1 /* AppDelegate.m */ = {isa = PBXFileReference; lastKnownFileType = sourcecode.c.objc; path = AppDelegate.m; sourceTree = "<group>"; };
		3FE30F4F18EF51F500921FE1 /* Images.xcassets */ = {isa = PBXFileReference; lastKnownFileType = folder.assetcatalog; path = Images.xcassets; sourceTree = "<group>"; };
		3FE30F5518EF51F500921FE1 /* FlatColorsTests.xctest */ = {isa = PBXFileReference; explicitFileType = wrapper.cfbundle; includeInIndex = 0; path = FlatColorsTests.xctest; sourceTree = BUILT_PRODUCTS_DIR; };
		3FE30F5618EF51F500921FE1 /* XCTest.framework */ = {isa = PBXFileReference; lastKnownFileType = wrapper.framework; name = XCTest.framework; path = Library/Frameworks/XCTest.framework; sourceTree = DEVELOPER_DIR; };
		3FE30F5E18EF51F500921FE1 /* FlatColorsTests-Info.plist */ = {isa = PBXFileReference; lastKnownFileType = text.plist.xml; path = "FlatColorsTests-Info.plist"; sourceTree = "<group>"; };
		3FE30F6018EF51F500921FE1 /* en */ = {isa = PBXFileReference; lastKnownFileType = text.plist.strings; name = en; path = en.lproj/InfoPlist.strings; sourceTree = "<group>"; };
		3FE30F6218EF51F500921FE1 /* FlatColorsTests.m */ = {isa = PBXFileReference; lastKnownFileType = sourcecode.c.objc; path = FlatColorsTests.m; sourceTree = "<group>"; };
		3FE30F6F18EF55FD00921FE1 /* ColorsTableViewController.h */ = {isa = PBXFileReference; fileEncoding = 4; lastKnownFileType = sourcecode.c.h; path = ColorsTableViewController.h; sourceTree = "<group>"; };
		3FE30F7018EF55FD00921FE1 /* ColorsTableViewController.m */ = {isa = PBXFileReference; fileEncoding = 4; lastKnownFileType = sourcecode.c.objc; path = ColorsTableViewController.m; sourceTree = "<group>"; };
		4916E0381A0D88ED134AE8D4 /* Pods-FlatColors.release.xcconfig */ = {isa = PBXFileReference; includeInIndex = 1; lastKnownFileType = text.xcconfig; name = "Pods-FlatColors.release.xcconfig"; path = "Target Support Files/Pods-FlatColors/Pods-FlatColors.release.xcconfig"; sourceTree = "<group>"; };
		6899A6539C04AF384613C73D /* Pods-FlatColors.debug.xcconfig */ = {isa = PBXFileReference; includeInIndex = 1; lastKnownFileType = text.xcconfig; name = "Pods-FlatColors.debug.xcconfig"; path = "Target Support Files/Pods-FlatColors/Pods-FlatColors.debug.xcconfig"; sourceTree = "<group>"; };
		F791C1DAFDE5C0CB25DCCDFF /* libPods-FlatColors.a */ = {isa = PBXFileReference; explicitFileType = archive.ar; includeInIndex = 0; path = "libPods-FlatColors.a"; sourceTree = BUILT_PRODUCTS_DIR; };
/* End PBXFileReference section */

/* Begin PBXFrameworksBuildPhase section */
		3FE30F3718EF51F500921FE1 /* Frameworks */ = {
			isa = PBXFrameworksBuildPhase;
			buildActionMask = 2147483647;
			files = (
				3FE30F4018EF51F500921FE1 /* CoreGraphics.framework in Frameworks */,
				3FE30F4218EF51F500921FE1 /* UIKit.framework in Frameworks */,
				3FE30F3E18EF51F500921FE1 /* Foundation.framework in Frameworks */,
				D597D78258FA972D40437E85 /* libPods-FlatColors.a in Frameworks */,
			);
			runOnlyForDeploymentPostprocessing = 0;
		};
		3FE30F5218EF51F500921FE1 /* Frameworks */ = {
			isa = PBXFrameworksBuildPhase;
			buildActionMask = 2147483647;
			files = (
				3FE30F5718EF51F500921FE1 /* XCTest.framework in Frameworks */,
				3FE30F5918EF51F500921FE1 /* UIKit.framework in Frameworks */,
				3FE30F5818EF51F500921FE1 /* Foundation.framework in Frameworks */,
			);
			runOnlyForDeploymentPostprocessing = 0;
		};
/* End PBXFrameworksBuildPhase section */

/* Begin PBXGroup section */
		3FE30F3118EF51F500921FE1 = {
			isa = PBXGroup;
			children = (
				3FE30F4318EF51F500921FE1 /* FlatColors */,
				3FE30F5C18EF51F500921FE1 /* FlatColorsTests */,
				3FE30F3C18EF51F500921FE1 /* Frameworks */,
				3FE30F3B18EF51F500921FE1 /* Products */,
				D38775F5F93D67DB9B2B0ED0 /* Pods */,
			);
			indentWidth = 4;
			sourceTree = "<group>";
			tabWidth = 4;
			usesTabs = 0;
		};
		3FE30F3B18EF51F500921FE1 /* Products */ = {
			isa = PBXGroup;
			children = (
				3FE30F3A18EF51F500921FE1 /* FlatColors.app */,
				3FE30F5518EF51F500921FE1 /* FlatColorsTests.xctest */,
			);
			name = Products;
			sourceTree = "<group>";
		};
		3FE30F3C18EF51F500921FE1 /* Frameworks */ = {
			isa = PBXGroup;
			children = (
				3FE30F3D18EF51F500921FE1 /* Foundation.framework */,
				3FE30F3F18EF51F500921FE1 /* CoreGraphics.framework */,
				3FE30F4118EF51F500921FE1 /* UIKit.framework */,
				3FE30F5618EF51F500921FE1 /* XCTest.framework */,
				F791C1DAFDE5C0CB25DCCDFF /* libPods-FlatColors.a */,
			);
			name = Frameworks;
			sourceTree = "<group>";
		};
		3FE30F4318EF51F500921FE1 /* FlatColors */ = {
			isa = PBXGroup;
			children = (
				3FDB2D9018FC82750051C511 /* BigColorTableViewCell.h */,
				3FDB2D9118FC82750051C511 /* BigColorTableViewCell.m */,
				3FE30F4C18EF51F500921FE1 /* AppDelegate.h */,
				3FE30F4D18EF51F500921FE1 /* AppDelegate.m */,
				3FE30F6F18EF55FD00921FE1 /* ColorsTableViewController.h */,
				3FE30F7018EF55FD00921FE1 /* ColorsTableViewController.m */,
				3FE30F4F18EF51F500921FE1 /* Images.xcassets */,
				3FE30F4418EF51F500921FE1 /* Supporting Files */,
			);
			path = FlatColors;
			sourceTree = "<group>";
		};
		3FE30F4418EF51F500921FE1 /* Supporting Files */ = {
			isa = PBXGroup;
			children = (
				3FE30F4518EF51F500921FE1 /* FlatColors-Info.plist */,
				3FE30F4618EF51F500921FE1 /* InfoPlist.strings */,
				3FE30F4918EF51F500921FE1 /* main.m */,
				3FE30F4B18EF51F500921FE1 /* FlatColors-Prefix.pch */,
			);
			name = "Supporting Files";
			sourceTree = "<group>";
		};
		3FE30F5C18EF51F500921FE1 /* FlatColorsTests */ = {
			isa = PBXGroup;
			children = (
				3FE30F6218EF51F500921FE1 /* FlatColorsTests.m */,
				3FE30F5D18EF51F500921FE1 /* Supporting Files */,
			);
			path = FlatColorsTests;
			sourceTree = "<group>";
		};
		3FE30F5D18EF51F500921FE1 /* Supporting Files */ = {
			isa = PBXGroup;
			children = (
				3FE30F5E18EF51F500921FE1 /* FlatColorsTests-Info.plist */,
				3FE30F5F18EF51F500921FE1 /* InfoPlist.strings */,
			);
			name = "Supporting Files";
			sourceTree = "<group>";
		};
		D38775F5F93D67DB9B2B0ED0 /* Pods */ = {
			isa = PBXGroup;
			children = (
				6899A6539C04AF384613C73D /* Pods-FlatColors.debug.xcconfig */,
				4916E0381A0D88ED134AE8D4 /* Pods-FlatColors.release.xcconfig */,
			);
			path = Pods;
			sourceTree = "<group>";
		};
/* End PBXGroup section */

/* Begin PBXNativeTarget section */
		3FE30F3918EF51F500921FE1 /* FlatColors */ = {
			isa = PBXNativeTarget;
			buildConfigurationList = 3FE30F6618EF51F500921FE1 /* Build configuration list for PBXNativeTarget "FlatColors" */;
			buildPhases = (
				1E1E07C32CFDD1F9C72763FA /* [CP] Check Pods Manifest.lock */,
				3FE30F3618EF51F500921FE1 /* Sources */,
				3FE30F3718EF51F500921FE1 /* Frameworks */,
				3FE30F3818EF51F500921FE1 /* Resources */,
				0F5B07A78393495AAE7EE1C5 /* Warn for TODO and FIXME comments */,
			);
			buildRules = (
			);
			dependencies = (
			);
			name = FlatColors;
			productName = FlatColors;
			productReference = 3FE30F3A18EF51F500921FE1 /* FlatColors.app */;
			productType = "com.apple.product-type.application";
		};
		3FE30F5418EF51F500921FE1 /* FlatColorsTests */ = {
			isa = PBXNativeTarget;
			buildConfigurationList = 3FE30F6918EF51F500921FE1 /* Build configuration list for PBXNativeTarget "FlatColorsTests" */;
			buildPhases = (
				3FE30F5118EF51F500921FE1 /* Sources */,
				3FE30F5218EF51F500921FE1 /* Frameworks */,
				3FE30F5318EF51F500921FE1 /* Resources */,
			);
			buildRules = (
			);
			dependencies = (
				3FE30F5B18EF51F500921FE1 /* PBXTargetDependency */,
			);
			name = FlatColorsTests;
			productName = FlatColorsTests;
			productReference = 3FE30F5518EF51F500921FE1 /* FlatColorsTests.xctest */;
			productType = "com.apple.product-type.bundle.unit-test";
		};
/* End PBXNativeTarget section */

/* Begin PBXProject section */
		3FE30F3218EF51F500921FE1 /* Project object */ = {
			isa = PBXProject;
			attributes = {
				BuildIndependentTargetsInParallel = YES;
				LastUpgradeCheck = 1500;
				ORGANIZATIONNAME = mokagio;
				TargetAttributes = {
					3FE30F5418EF51F500921FE1 = {
						TestTargetID = 3FE30F3918EF51F500921FE1;
					};
				};
			};
			buildConfigurationList = 3FE30F3518EF51F500921FE1 /* Build configuration list for PBXProject "FlatColors" */;
			compatibilityVersion = "Xcode 3.2";
			developmentRegion = English;
			hasScannedForEncodings = 0;
			knownRegions = (
				English,
				en,
			);
			mainGroup = 3FE30F3118EF51F500921FE1;
			productRefGroup = 3FE30F3B18EF51F500921FE1 /* Products */;
			projectDirPath = "";
			projectRoot = "";
			targets = (
				3FE30F3918EF51F500921FE1 /* FlatColors */,
				3FE30F5418EF51F500921FE1 /* FlatColorsTests */,
			);
		};
/* End PBXProject section */

/* Begin PBXResourcesBuildPhase section */
		3FE30F3818EF51F500921FE1 /* Resources */ = {
			isa = PBXResourcesBuildPhase;
			buildActionMask = 2147483647;
			files = (
				3FE30F4818EF51F500921FE1 /* InfoPlist.strings in Resources */,
				3FE30F5018EF51F500921FE1 /* Images.xcassets in Resources */,
			);
			runOnlyForDeploymentPostprocessing = 0;
		};
		3FE30F5318EF51F500921FE1 /* Resources */ = {
			isa = PBXResourcesBuildPhase;
			buildActionMask = 2147483647;
			files = (
				3FE30F6118EF51F500921FE1 /* InfoPlist.strings in Resources */,
			);
			runOnlyForDeploymentPostprocessing = 0;
		};
/* End PBXResourcesBuildPhase section */

/* Begin PBXShellScriptBuildPhase section */
		0F5B07A78393495AAE7EE1C5 /* Warn for TODO and FIXME comments */ = {
			isa = PBXShellScriptBuildPhase;
			buildActionMask = 2147483647;
			files = (
			);
			inputPaths = (
			);
			name = "Warn for TODO and FIXME comments";
			outputPaths = (
			);
			runOnlyForDeploymentPostprocessing = 0;
			shellPath = /bin/sh;
			shellScript = "KEYWORDS=\"TODO:|FIXME:|\\?\\?\\?:|\\!\\!\\!:\"\nFILE_EXTENSIONS=\"h|m|mm|c|cpp\"\nfind -E \"${SRCROOT}\" -ipath \"${SRCROOT}/pods\" -prune -o \\( -regex \".*\\.($FILE_EXTENSIONS)$\" \\) -print0 | xargs -0 egrep --with-filename --line-number --only-matching \"($KEYWORDS).*\\$\" | perl -p -e \"s/($KEYWORDS)/ warning: \\$1/\"\n";
		};
		1E1E07C32CFDD1F9C72763FA /* [CP] Check Pods Manifest.lock */ = {
			isa = PBXShellScriptBuildPhase;
			buildActionMask = 2147483647;
			files = (
			);
			inputFileListPaths = (
			);
			inputPaths = (
				"${PODS_PODFILE_DIR_PATH}/Podfile.lock",
				"${PODS_ROOT}/Manifest.lock",
			);
			name = "[CP] Check Pods Manifest.lock";
			outputFileListPaths = (
			);
			outputPaths = (
				"$(DERIVED_FILE_DIR)/Pods-FlatColors-checkManifestLockResult.txt",
			);
			runOnlyForDeploymentPostprocessing = 0;
			shellPath = /bin/sh;
			shellScript = "diff \"${PODS_PODFILE_DIR_PATH}/Podfile.lock\" \"${PODS_ROOT}/Manifest.lock\" > /dev/null\nif [ $? != 0 ] ; then\n    # print error to STDERR\n    echo \"error: The sandbox is not in sync with the Podfile.lock. Run 'pod install' or update your CocoaPods installation.\" >&2\n    exit 1\nfi\n# This output is used by Xcode 'outputs' to avoid re-running this script phase.\necho \"SUCCESS\" > \"${SCRIPT_OUTPUT_FILE_0}\"\n";
			showEnvVarsInLog = 0;
		};
/* End PBXShellScriptBuildPhase section */

/* Begin PBXSourcesBuildPhase section */
		3FE30F3618EF51F500921FE1 /* Sources */ = {
			isa = PBXSourcesBuildPhase;
			buildActionMask = 2147483647;
			files = (
				3FE30F4E18EF51F500921FE1 /* AppDelegate.m in Sources */,
				3FE30F4A18EF51F500921FE1 /* main.m in Sources */,
				3FDB2D9218FC82750051C511 /* BigColorTableViewCell.m in Sources */,
				3FE30F7118EF55FD00921FE1 /* ColorsTableViewController.m in Sources */,
			);
			runOnlyForDeploymentPostprocessing = 0;
		};
		3FE30F5118EF51F500921FE1 /* Sources */ = {
			isa = PBXSourcesBuildPhase;
			buildActionMask = 2147483647;
			files = (
				3FE30F6318EF51F500921FE1 /* FlatColorsTests.m in Sources */,
			);
			runOnlyForDeploymentPostprocessing = 0;
		};
/* End PBXSourcesBuildPhase section */

/* Begin PBXTargetDependency section */
		3FE30F5B18EF51F500921FE1 /* PBXTargetDependency */ = {
			isa = PBXTargetDependency;
			target = 3FE30F3918EF51F500921FE1 /* FlatColors */;
			targetProxy = 3FE30F5A18EF51F500921FE1 /* PBXContainerItemProxy */;
		};
/* End PBXTargetDependency section */

/* Begin PBXVariantGroup section */
		3FE30F4618EF51F500921FE1 /* InfoPlist.strings */ = {
			isa = PBXVariantGroup;
			children = (
				3FE30F4718EF51F500921FE1 /* en */,
			);
			name = InfoPlist.strings;
			sourceTree = "<group>";
		};
		3FE30F5F18EF51F500921FE1 /* InfoPlist.strings */ = {
			isa = PBXVariantGroup;
			children = (
				3FE30F6018EF51F500921FE1 /* en */,
			);
			name = InfoPlist.strings;
			sourceTree = "<group>";
		};
/* End PBXVariantGroup section */

/* Begin XCBuildConfiguration section */
		3FE30F6418EF51F500921FE1 /* Debug */ = {
			isa = XCBuildConfiguration;
			buildSettings = {
				ALWAYS_SEARCH_USER_PATHS = NO;
				ASSETCATALOG_COMPILER_GENERATE_SWIFT_ASSET_SYMBOL_EXTENSIONS = YES;
				CLANG_ANALYZER_LOCALIZABILITY_NONLOCALIZED = YES;
				CLANG_CXX_LANGUAGE_STANDARD = "gnu++0x";
				CLANG_CXX_LIBRARY = "libc++";
				CLANG_ENABLE_MODULES = YES;
				CLANG_ENABLE_OBJC_ARC = YES;
				CLANG_WARN_BLOCK_CAPTURE_AUTORELEASING = YES;
				CLANG_WARN_BOOL_CONVERSION = YES;
				CLANG_WARN_COMMA = YES;
				CLANG_WARN_CONSTANT_CONVERSION = YES;
				CLANG_WARN_DEPRECATED_OBJC_IMPLEMENTATIONS = YES;
				CLANG_WARN_DIRECT_OBJC_ISA_USAGE = YES_ERROR;
				CLANG_WARN_EMPTY_BODY = YES;
				CLANG_WARN_ENUM_CONVERSION = YES;
				CLANG_WARN_INFINITE_RECURSION = YES;
				CLANG_WARN_INT_CONVERSION = YES;
				CLANG_WARN_NON_LITERAL_NULL_CONVERSION = YES;
				CLANG_WARN_OBJC_IMPLICIT_RETAIN_SELF = YES;
				CLANG_WARN_OBJC_LITERAL_CONVERSION = YES;
				CLANG_WARN_OBJC_ROOT_CLASS = YES_ERROR;
				CLANG_WARN_QUOTED_INCLUDE_IN_FRAMEWORK_HEADER = YES;
				CLANG_WARN_RANGE_LOOP_ANALYSIS = YES;
				CLANG_WARN_STRICT_PROTOTYPES = YES;
				CLANG_WARN_SUSPICIOUS_MOVE = YES;
				CLANG_WARN_UNREACHABLE_CODE = YES;
				CLANG_WARN__DUPLICATE_METHOD_MATCH = YES;
				"CODE_SIGN_IDENTITY[sdk=iphoneos*]" = "iPhone Developer";
				COPY_PHASE_STRIP = NO;
				ENABLE_STRICT_OBJC_MSGSEND = YES;
				ENABLE_TESTABILITY = YES;
				ENABLE_USER_SCRIPT_SANDBOXING = YES;
				GCC_C_LANGUAGE_STANDARD = gnu99;
				GCC_DYNAMIC_NO_PIC = NO;
				GCC_NO_COMMON_BLOCKS = YES;
				GCC_OPTIMIZATION_LEVEL = 0;
				GCC_PREPROCESSOR_DEFINITIONS = (
					"DEBUG=1",
					"$(inherited)",
				);
				GCC_SYMBOLS_PRIVATE_EXTERN = NO;
				GCC_WARN_64_TO_32_BIT_CONVERSION = YES;
				GCC_WARN_ABOUT_MISSING_FIELD_INITIALIZERS = YES;
				GCC_WARN_ABOUT_MISSING_NEWLINE = YES;
				GCC_WARN_ABOUT_RETURN_TYPE = YES;
				GCC_WARN_CHECK_SWITCH_STATEMENTS = YES;
				GCC_WARN_INITIALIZER_NOT_FULLY_BRACKETED = YES;
				GCC_WARN_MISSING_PARENTHESES = YES;
				GCC_WARN_SHADOW = YES;
				GCC_WARN_SIGN_COMPARE = YES;
				GCC_WARN_TYPECHECK_CALLS_TO_PRINTF = YES;
				GCC_WARN_UNDECLARED_SELECTOR = YES;
				GCC_WARN_UNINITIALIZED_AUTOS = YES_AGGRESSIVE;
				GCC_WARN_UNUSED_FUNCTION = YES;
				GCC_WARN_UNUSED_LABEL = YES;
				GCC_WARN_UNUSED_VALUE = YES;
				GCC_WARN_UNUSED_VARIABLE = YES;
				IPHONEOS_DEPLOYMENT_TARGET = 12.0;
				ONLY_ACTIVE_ARCH = YES;
				RUN_CLANG_STATIC_ANALYZER = YES;
				SDKROOT = iphoneos;
				TARGETED_DEVICE_FAMILY = "1,2";
			};
			name = Debug;
		};
		3FE30F6518EF51F500921FE1 /* Release */ = {
			isa = XCBuildConfiguration;
			buildSettings = {
				ALWAYS_SEARCH_USER_PATHS = NO;
				ASSETCATALOG_COMPILER_GENERATE_SWIFT_ASSET_SYMBOL_EXTENSIONS = YES;
				CLANG_ANALYZER_LOCALIZABILITY_NONLOCALIZED = YES;
				CLANG_CXX_LANGUAGE_STANDARD = "gnu++0x";
				CLANG_CXX_LIBRARY = "libc++";
				CLANG_ENABLE_MODULES = YES;
				CLANG_ENABLE_OBJC_ARC = YES;
				CLANG_WARN_BLOCK_CAPTURE_AUTORELEASING = YES;
				CLANG_WARN_BOOL_CONVERSION = YES;
				CLANG_WARN_COMMA = YES;
				CLANG_WARN_CONSTANT_CONVERSION = YES;
				CLANG_WARN_DEPRECATED_OBJC_IMPLEMENTATIONS = YES;
				CLANG_WARN_DIRECT_OBJC_ISA_USAGE = YES_ERROR;
				CLANG_WARN_EMPTY_BODY = YES;
				CLANG_WARN_ENUM_CONVERSION = YES;
				CLANG_WARN_INFINITE_RECURSION = YES;
				CLANG_WARN_INT_CONVERSION = YES;
				CLANG_WARN_NON_LITERAL_NULL_CONVERSION = YES;
				CLANG_WARN_OBJC_IMPLICIT_RETAIN_SELF = YES;
				CLANG_WARN_OBJC_LITERAL_CONVERSION = YES;
				CLANG_WARN_OBJC_ROOT_CLASS = YES_ERROR;
				CLANG_WARN_QUOTED_INCLUDE_IN_FRAMEWORK_HEADER = YES;
				CLANG_WARN_RANGE_LOOP_ANALYSIS = YES;
				CLANG_WARN_STRICT_PROTOTYPES = YES;
				CLANG_WARN_SUSPICIOUS_MOVE = YES;
				CLANG_WARN_UNREACHABLE_CODE = YES;
				CLANG_WARN__DUPLICATE_METHOD_MATCH = YES;
				"CODE_SIGN_IDENTITY[sdk=iphoneos*]" = "iPhone Developer";
				COPY_PHASE_STRIP = YES;
				ENABLE_NS_ASSERTIONS = NO;
				ENABLE_STRICT_OBJC_MSGSEND = YES;
				ENABLE_USER_SCRIPT_SANDBOXING = YES;
				GCC_C_LANGUAGE_STANDARD = gnu99;
				GCC_NO_COMMON_BLOCKS = YES;
				GCC_WARN_64_TO_32_BIT_CONVERSION = YES;
				GCC_WARN_ABOUT_MISSING_FIELD_INITIALIZERS = YES;
				GCC_WARN_ABOUT_MISSING_NEWLINE = YES;
				GCC_WARN_ABOUT_RETURN_TYPE = YES;
				GCC_WARN_CHECK_SWITCH_STATEMENTS = YES;
				GCC_WARN_INITIALIZER_NOT_FULLY_BRACKETED = YES;
				GCC_WARN_MISSING_PARENTHESES = YES;
				GCC_WARN_SHADOW = YES;
				GCC_WARN_SIGN_COMPARE = YES;
				GCC_WARN_TYPECHECK_CALLS_TO_PRINTF = YES;
				GCC_WARN_UNDECLARED_SELECTOR = YES;
				GCC_WARN_UNINITIALIZED_AUTOS = YES_AGGRESSIVE;
				GCC_WARN_UNUSED_FUNCTION = YES;
				GCC_WARN_UNUSED_LABEL = YES;
				GCC_WARN_UNUSED_VALUE = YES;
				GCC_WARN_UNUSED_VARIABLE = YES;
				IPHONEOS_DEPLOYMENT_TARGET = 12.0;
				RUN_CLANG_STATIC_ANALYZER = YES;
				SDKROOT = iphoneos;
				TARGETED_DEVICE_FAMILY = "1,2";
				VALIDATE_PRODUCT = YES;
			};
			name = Release;
		};
		3FE30F6718EF51F500921FE1 /* Debug */ = {
			isa = XCBuildConfiguration;
			baseConfigurationReference = 6899A6539C04AF384613C73D /* Pods-FlatColors.debug.xcconfig */;
			buildSettings = {
				ASSETCATALOG_COMPILER_APPICON_NAME = AppIcon;
				ASSETCATALOG_COMPILER_LAUNCHIMAGE_NAME = LaunchImage;
				GCC_PRECOMPILE_PREFIX_HEADER = YES;
				GCC_PREFIX_HEADER = "FlatColors/FlatColors-Prefix.pch";
				INFOPLIST_FILE = "FlatColors/FlatColors-Info.plist";
				PRODUCT_BUNDLE_IDENTIFIER = "com.mokagio.ios.${PRODUCT_NAME:rfc1034identifier}";
				PRODUCT_NAME = "$(TARGET_NAME)";
				WRAPPER_EXTENSION = app;
			};
			name = Debug;
		};
		3FE30F6818EF51F500921FE1 /* Release */ = {
			isa = XCBuildConfiguration;
			baseConfigurationReference = 4916E0381A0D88ED134AE8D4 /* Pods-FlatColors.release.xcconfig */;
			buildSettings = {
				ASSETCATALOG_COMPILER_APPICON_NAME = AppIcon;
				ASSETCATALOG_COMPILER_LAUNCHIMAGE_NAME = LaunchImage;
				GCC_PRECOMPILE_PREFIX_HEADER = YES;
				GCC_PREFIX_HEADER = "FlatColors/FlatColors-Prefix.pch";
				INFOPLIST_FILE = "FlatColors/FlatColors-Info.plist";
				PRODUCT_BUNDLE_IDENTIFIER = "com.mokagio.ios.${PRODUCT_NAME:rfc1034identifier}";
				PRODUCT_NAME = "$(TARGET_NAME)";
				WRAPPER_EXTENSION = app;
			};
			name = Release;
		};
		3FE30F6A18EF51F500921FE1 /* Debug */ = {
			isa = XCBuildConfiguration;
			buildSettings = {
				BUNDLE_LOADER = "$(BUILT_PRODUCTS_DIR)/FlatColors.app/FlatColors";
				FRAMEWORK_SEARCH_PATHS = (
					"$(SDKROOT)/Developer/Library/Frameworks",
					"$(inherited)",
					"$(DEVELOPER_FRAMEWORKS_DIR)",
				);
				GCC_PRECOMPILE_PREFIX_HEADER = YES;
				GCC_PREFIX_HEADER = "FlatColors/FlatColors-Prefix.pch";
				GCC_PREPROCESSOR_DEFINITIONS = (
					"DEBUG=1",
					"$(inherited)",
				);
				INFOPLIST_FILE = "FlatColorsTests/FlatColorsTests-Info.plist";
				PRODUCT_BUNDLE_IDENTIFIER = "com.mokagio.ios.${PRODUCT_NAME:rfc1034identifier}";
				PRODUCT_NAME = "$(TARGET_NAME)";
				TEST_HOST = "$(BUNDLE_LOADER)";
				WRAPPER_EXTENSION = xctest;
			};
			name = Debug;
		};
		3FE30F6B18EF51F500921FE1 /* Release */ = {
			isa = XCBuildConfiguration;
			buildSettings = {
				BUNDLE_LOADER = "$(BUILT_PRODUCTS_DIR)/FlatColors.app/FlatColors";
				FRAMEWORK_SEARCH_PATHS = (
					"$(SDKROOT)/Developer/Library/Frameworks",
					"$(inherited)",
					"$(DEVELOPER_FRAMEWORKS_DIR)",
				);
				GCC_PRECOMPILE_PREFIX_HEADER = YES;
				GCC_PREFIX_HEADER = "FlatColors/FlatColors-Prefix.pch";
				INFOPLIST_FILE = "FlatColorsTests/FlatColorsTests-Info.plist";
				PRODUCT_BUNDLE_IDENTIFIER = "com.mokagio.ios.${PRODUCT_NAME:rfc1034identifier}";
				PRODUCT_NAME = "$(TARGET_NAME)";
				TEST_HOST = "$(BUNDLE_LOADER)";
				WRAPPER_EXTENSION = xctest;
			};
			name = Release;
		};
/* End XCBuildConfiguration section */

/* Begin XCConfigurationList section */
		3FE30F3518EF51F500921FE1 /* Build configuration list for PBXProject "FlatColors" */ = {
			isa = XCConfigurationList;
			buildConfigurations = (
				3FE30F6418EF51F500921FE1 /* Debug */,
				3FE30F6518EF51F500921FE1 /* Release */,
			);
			defaultConfigurationIsVisible = 0;
			defaultConfigurationName = Release;
		};
		3FE30F6618EF51F500921FE1 /* Build configuration list for PBXNativeTarget "FlatColors" */ = {
			isa = XCConfigurationList;
			buildConfigurations = (
				3FE30F6718EF51F500921FE1 /* Debug */,
				3FE30F6818EF51F500921FE1 /* Release */,
			);
			defaultConfigurationIsVisible = 0;
			defaultConfigurationName = Release;
		};
		3FE30F6918EF51F500921FE1 /* Build configuration list for PBXNativeTarget "FlatColorsTests" */ = {
			isa = XCConfigurationList;
			buildConfigurations = (
				3FE30F6A18EF51F500921FE1 /* Debug */,
				3FE30F6B18EF51F500921FE1 /* Release */,
			);
			defaultConfigurationIsVisible = 0;
			defaultConfigurationName = Release;
		};
/* End XCConfigurationList section */
	};
	rootObject = 3FE30F3218EF51F500921FE1 /* Project object */;
}
