PODS:
  - "UIColor+FlatColors (1.0.0)"

DEPENDENCIES:
  - "UIColor+FlatColors (from `../`)"

EXTERNAL SOURCES:
  "UIColor+FlatColors":
    :path: "../"

SPEC CHECKSUMS:
  "UIColor+FlatColors": 23b11d9273fb0fdec2d2fa3b3a2e1bee5f5bfd6a

PODFILE CHECKSUM: 6a778f6a67895ca087ef16841d71c98a210f56ab

COCOAPODS: 1.12.1
